// !$*UTF8*$!
{
	archiveVersion = 1;
	classes = {
	};
	objectVersion = 56;
	objects = {

/* Begin PBXBuildFile section */
		F26A897B29EE1EB200FF3A59 /* AppDelegate.swift in Sources */ = {isa = PBXBuildFile; fileRef = F26A897A29EE1EB200FF3A59 /* AppDelegate.swift */; };
		F26A897D29EE1EB200FF3A59 /* SceneDelegate.swift in Sources */ = {isa = PBXBuildFile; fileRef = F26A897C29EE1EB200FF3A59 /* SceneDelegate.swift */; };
		F26A898229EE1EB200FF3A59 /* Main.storyboard in Resources */ = {isa = PBXBuildFile; fileRef = F26A898029EE1EB200FF3A59 /* Main.storyboard */; };
		F26A898429EE1EB400FF3A59 /* Assets.xcassets in Resources */ = {isa = PBXBuildFile; fileRef = F26A898329EE1EB400FF3A59 /* Assets.xcassets */; };
		F26A898729EE1EB400FF3A59 /* LaunchScreen.storyboard in Resources */ = {isa = PBXBuildFile; fileRef = F26A898529EE1EB400FF3A59 /* LaunchScreen.storyboard */; };
		F26A899129EE3EDE00FF3A59 /* SpotifyAPIClient.swift in Sources */ = {isa = PBXBuildFile; fileRef = F26A899029EE3EDE00FF3A59 /* SpotifyAPIClient.swift */; };
		F26A899329EE43C100FF3A59 /* SearchResult.swift in Sources */ = {isa = PBXBuildFile; fileRef = F26A899229EE43C100FF3A59 /* SearchResult.swift */; };
		F26A899529EE49C100FF3A59 /* Track.swift in Sources */ = {isa = PBXBuildFile; fileRef = F26A899429EE49C100FF3A59 /* Track.swift */; };
		F26A899729EE4A0600FF3A59 /* Artist.swift in Sources */ = {isa = PBXBuildFile; fileRef = F26A899629EE4A0600FF3A59 /* Artist.swift */; };
		F26A899929EE4A1500FF3A59 /* AlbumResult.swift in Sources */ = {isa = PBXBuildFile; fileRef = F26A899829EE4A1500FF3A59 /* AlbumResult.swift */; };
		F28EFAD029FBFC8A00B942C8 /* LoginAccountViewController.swift in Sources */ = {isa = PBXBuildFile; fileRef = F28EFACF29FBFC8A00B942C8 /* LoginAccountViewController.swift */; };
		F28EFAD229FBFE3900B942C8 /* NetworkManager.swift in Sources */ = {isa = PBXBuildFile; fileRef = F28EFAD129FBFE3900B942C8 /* NetworkManager.swift */; };
		F28EFAD629FC02E400B942C8 /* OverviewViewController.swift in Sources */ = {isa = PBXBuildFile; fileRef = F28EFAD529FC02E400B942C8 /* OverviewViewController.swift */; };
		F28EFAD829FC092700B942C8 /* Token.swift in Sources */ = {isa = PBXBuildFile; fileRef = F28EFAD729FC092700B942C8 /* Token.swift */; };
		F29762F529FCC1410013FC8D /* AccessTokenDataModel.xcdatamodeld in Sources */ = {isa = PBXBuildFile; fileRef = F29762F329FCC1410013FC8D /* AccessTokenDataModel.xcdatamodeld */; };
		F29762F829FCC26B0013FC8D /* AccessToken+CoreDataClass.swift in Sources */ = {isa = PBXBuildFile; fileRef = F29762F629FCC26B0013FC8D /* AccessToken+CoreDataClass.swift */; };
		F29762F929FCC26B0013FC8D /* AccessToken+CoreDataProperties.swift in Sources */ = {isa = PBXBuildFile; fileRef = F29762F729FCC26B0013FC8D /* AccessToken+CoreDataProperties.swift */; };
		F29762FC29FCC4390013FC8D /* MulticastDelegate.swift in Sources */ = {isa = PBXBuildFile; fileRef = F29762FB29FCC4390013FC8D /* MulticastDelegate.swift */; };
		F29762FE29FCC43F0013FC8D /* DatabaseProtocol.swift in Sources */ = {isa = PBXBuildFile; fileRef = F29762FD29FCC43F0013FC8D /* DatabaseProtocol.swift */; };
		F297630029FCC4470013FC8D /* CoreDataController.swift in Sources */ = {isa = PBXBuildFile; fileRef = F29762FF29FCC4470013FC8D /* CoreDataController.swift */; };
		F2BC696C29FB868300F13AA9 /* LibraryViewController.swift in Sources */ = {isa = PBXBuildFile; fileRef = F2BC696B29FB868300F13AA9 /* LibraryViewController.swift */; };
		F2BC697029FB8AE900F13AA9 /* OverLayerPopUp.swift in Sources */ = {isa = PBXBuildFile; fileRef = F2BC696E29FB8AE900F13AA9 /* OverLayerPopUp.swift */; };
		F2BC697129FB8AE900F13AA9 /* OverLayerPopUp.xib in Resources */ = {isa = PBXBuildFile; fileRef = F2BC696F29FB8AE900F13AA9 /* OverLayerPopUp.xib */; };
		F2E3944A29FE58F3001CD918 /* Player.swift in Sources */ = {isa = PBXBuildFile; fileRef = F2E3944929FE58F3001CD918 /* Player.swift */; };
		F2E3944C29FFA779001CD918 /* Image.swift in Sources */ = {isa = PBXBuildFile; fileRef = F2E3944B29FFA779001CD918 /* Image.swift */; };
		F2E3944E29FFA87E001CD918 /* RecentlyPlayed.swift in Sources */ = {isa = PBXBuildFile; fileRef = F2E3944D29FFA87E001CD918 /* RecentlyPlayed.swift */; };
/* End PBXBuildFile section */

/* Begin PBXFileReference section */
		F26A897729EE1EB200FF3A59 /* Music Keeper.app */ = {isa = PBXFileReference; explicitFileType = wrapper.application; includeInIndex = 0; path = "Music Keeper.app"; sourceTree = BUILT_PRODUCTS_DIR; };
		F26A897A29EE1EB200FF3A59 /* AppDelegate.swift */ = {isa = PBXFileReference; lastKnownFileType = sourcecode.swift; path = AppDelegate.swift; sourceTree = "<group>"; };
		F26A897C29EE1EB200FF3A59 /* SceneDelegate.swift */ = {isa = PBXFileReference; lastKnownFileType = sourcecode.swift; path = SceneDelegate.swift; sourceTree = "<group>"; };
		F26A898129EE1EB200FF3A59 /* Base */ = {isa = PBXFileReference; lastKnownFileType = file.storyboard; name = Base; path = Base.lproj/Main.storyboard; sourceTree = "<group>"; };
		F26A898329EE1EB400FF3A59 /* Assets.xcassets */ = {isa = PBXFileReference; lastKnownFileType = folder.assetcatalog; path = Assets.xcassets; sourceTree = "<group>"; };
		F26A898629EE1EB400FF3A59 /* Base */ = {isa = PBXFileReference; lastKnownFileType = file.storyboard; name = Base; path = Base.lproj/LaunchScreen.storyboard; sourceTree = "<group>"; };
		F26A898829EE1EB400FF3A59 /* Info.plist */ = {isa = PBXFileReference; lastKnownFileType = text.plist.xml; path = Info.plist; sourceTree = "<group>"; };
		F26A899029EE3EDE00FF3A59 /* SpotifyAPIClient.swift */ = {isa = PBXFileReference; lastKnownFileType = sourcecode.swift; path = SpotifyAPIClient.swift; sourceTree = "<group>"; };
		F26A899229EE43C100FF3A59 /* SearchResult.swift */ = {isa = PBXFileReference; lastKnownFileType = sourcecode.swift; path = SearchResult.swift; sourceTree = "<group>"; };
		F26A899429EE49C100FF3A59 /* Track.swift */ = {isa = PBXFileReference; lastKnownFileType = sourcecode.swift; path = Track.swift; sourceTree = "<group>"; };
		F26A899629EE4A0600FF3A59 /* Artist.swift */ = {isa = PBXFileReference; lastKnownFileType = sourcecode.swift; path = Artist.swift; sourceTree = "<group>"; };
		F26A899829EE4A1500FF3A59 /* AlbumResult.swift */ = {isa = PBXFileReference; lastKnownFileType = sourcecode.swift; path = AlbumResult.swift; sourceTree = "<group>"; };
		F28EFACF29FBFC8A00B942C8 /* LoginAccountViewController.swift */ = {isa = PBXFileReference; lastKnownFileType = sourcecode.swift; path = LoginAccountViewController.swift; sourceTree = "<group>"; };
		F28EFAD129FBFE3900B942C8 /* NetworkManager.swift */ = {isa = PBXFileReference; lastKnownFileType = sourcecode.swift; path = NetworkManager.swift; sourceTree = "<group>"; };
		F28EFAD529FC02E400B942C8 /* OverviewViewController.swift */ = {isa = PBXFileReference; lastKnownFileType = sourcecode.swift; path = OverviewViewController.swift; sourceTree = "<group>"; };
		F28EFAD729FC092700B942C8 /* Token.swift */ = {isa = PBXFileReference; lastKnownFileType = sourcecode.swift; path = Token.swift; sourceTree = "<group>"; };
		F29762F429FCC1410013FC8D /* AccessTokenDataModel.xcdatamodel */ = {isa = PBXFileReference; lastKnownFileType = wrapper.xcdatamodel; path = AccessTokenDataModel.xcdatamodel; sourceTree = "<group>"; };
		F29762F629FCC26B0013FC8D /* AccessToken+CoreDataClass.swift */ = {isa = PBXFileReference; lastKnownFileType = sourcecode.swift; path = "AccessToken+CoreDataClass.swift"; sourceTree = "<group>"; };
		F29762F729FCC26B0013FC8D /* AccessToken+CoreDataProperties.swift */ = {isa = PBXFileReference; lastKnownFileType = sourcecode.swift; path = "AccessToken+CoreDataProperties.swift"; sourceTree = "<group>"; };
		F29762FB29FCC4390013FC8D /* MulticastDelegate.swift */ = {isa = PBXFileReference; fileEncoding = 4; lastKnownFileType = sourcecode.swift; path = MulticastDelegate.swift; sourceTree = "<group>"; };
		F29762FD29FCC43F0013FC8D /* DatabaseProtocol.swift */ = {isa = PBXFileReference; fileEncoding = 4; lastKnownFileType = sourcecode.swift; path = DatabaseProtocol.swift; sourceTree = "<group>"; };
		F29762FF29FCC4470013FC8D /* CoreDataController.swift */ = {isa = PBXFileReference; fileEncoding = 4; lastKnownFileType = sourcecode.swift; path = CoreDataController.swift; sourceTree = "<group>"; };
		F2BC696B29FB868300F13AA9 /* LibraryViewController.swift */ = {isa = PBXFileReference; lastKnownFileType = sourcecode.swift; path = LibraryViewController.swift; sourceTree = "<group>"; };
		F2BC696E29FB8AE900F13AA9 /* OverLayerPopUp.swift */ = {isa = PBXFileReference; lastKnownFileType = sourcecode.swift; path = OverLayerPopUp.swift; sourceTree = "<group>"; };
		F2BC696F29FB8AE900F13AA9 /* OverLayerPopUp.xib */ = {isa = PBXFileReference; lastKnownFileType = file.xib; path = OverLayerPopUp.xib; sourceTree = "<group>"; };
		F2E3944929FE58F3001CD918 /* Player.swift */ = {isa = PBXFileReference; lastKnownFileType = sourcecode.swift; path = Player.swift; sourceTree = "<group>"; };
		F2E3944B29FFA779001CD918 /* Image.swift */ = {isa = PBXFileReference; lastKnownFileType = sourcecode.swift; path = Image.swift; sourceTree = "<group>"; };
		F2E3944D29FFA87E001CD918 /* RecentlyPlayed.swift */ = {isa = PBXFileReference; lastKnownFileType = sourcecode.swift; path = RecentlyPlayed.swift; sourceTree = "<group>"; };
/* End PBXFileReference section */

/* Begin PBXFrameworksBuildPhase section */
		F26A897429EE1EB200FF3A59 /* Frameworks */ = {
			isa = PBXFrameworksBuildPhase;
			buildActionMask = 2147483647;
			files = (
			);
			runOnlyForDeploymentPostprocessing = 0;
		};
/* End PBXFrameworksBuildPhase section */

/* Begin PBXGroup section */
		F26A896E29EE1EB200FF3A59 = {
			isa = PBXGroup;
			children = (
				F29762F629FCC26B0013FC8D /* AccessToken+CoreDataClass.swift */,
				F29762F729FCC26B0013FC8D /* AccessToken+CoreDataProperties.swift */,
				F26A897929EE1EB200FF3A59 /* Music Keeper */,
				F26A897829EE1EB200FF3A59 /* Products */,
			);
			sourceTree = "<group>";
		};
		F26A897829EE1EB200FF3A59 /* Products */ = {
			isa = PBXGroup;
			children = (
				F26A897729EE1EB200FF3A59 /* Music Keeper.app */,
			);
			name = Products;
			sourceTree = "<group>";
		};
		F26A897929EE1EB200FF3A59 /* Music Keeper */ = {
			isa = PBXGroup;
			children = (
				F2E3945029FFA8CA001CD918 /* ViewControllers */,
				F2E3944F29FFA8A7001CD918 /* Spotify */,
				F29762FA29FCC39A0013FC8D /* Database */,
				F29762F229FCC1070013FC8D /* DataModel */,
				F2BC696D29FB8AB600F13AA9 /* OverLayerPopUp */,
				F26A897A29EE1EB200FF3A59 /* AppDelegate.swift */,
				F26A897C29EE1EB200FF3A59 /* SceneDelegate.swift */,
				F26A898029EE1EB200FF3A59 /* Main.storyboard */,
				F26A898329EE1EB400FF3A59 /* Assets.xcassets */,
				F26A898529EE1EB400FF3A59 /* LaunchScreen.storyboard */,
				F26A898829EE1EB400FF3A59 /* Info.plist */,
				F26A899029EE3EDE00FF3A59 /* SpotifyAPIClient.swift */,
				F28EFAD129FBFE3900B942C8 /* NetworkManager.swift */,
				F28EFAD729FC092700B942C8 /* Token.swift */,
			);
			path = "Music Keeper";
			sourceTree = "<group>";
		};
		F29762F229FCC1070013FC8D /* DataModel */ = {
			isa = PBXGroup;
			children = (
				F29762F329FCC1410013FC8D /* AccessTokenDataModel.xcdatamodeld */,
			);
			path = DataModel;
			sourceTree = "<group>";
		};
		F29762FA29FCC39A0013FC8D /* Database */ = {
			isa = PBXGroup;
			children = (
				F29762FF29FCC4470013FC8D /* CoreDataController.swift */,
				F29762FD29FCC43F0013FC8D /* DatabaseProtocol.swift */,
				F29762FB29FCC4390013FC8D /* MulticastDelegate.swift */,
			);
			path = Database;
			sourceTree = "<group>";
		};
		F2BC696D29FB8AB600F13AA9 /* OverLayerPopUp */ = {
			isa = PBXGroup;
			children = (
				F2BC696E29FB8AE900F13AA9 /* OverLayerPopUp.swift */,
				F2BC696F29FB8AE900F13AA9 /* OverLayerPopUp.xib */,
			);
			path = OverLayerPopUp;
			sourceTree = "<group>";
		};
		F2E3944F29FFA8A7001CD918 /* Spotify */ = {
			isa = PBXGroup;
			children = (
				F26A899229EE43C100FF3A59 /* SearchResult.swift */,
				F26A899429EE49C100FF3A59 /* Track.swift */,
				F26A899629EE4A0600FF3A59 /* Artist.swift */,
				F26A899829EE4A1500FF3A59 /* AlbumResult.swift */,
				F2E3944929FE58F3001CD918 /* Player.swift */,
				F2E3944B29FFA779001CD918 /* Image.swift */,
				F2E3944D29FFA87E001CD918 /* RecentlyPlayed.swift */,
			);
			path = Spotify;
			sourceTree = "<group>";
		};
		F2E3945029FFA8CA001CD918 /* ViewControllers */ = {
			isa = PBXGroup;
			children = (
				F2BC696B29FB868300F13AA9 /* LibraryViewController.swift */,
				F28EFACF29FBFC8A00B942C8 /* LoginAccountViewController.swift */,
				F28EFAD529FC02E400B942C8 /* OverviewViewController.swift */,
			);
			path = ViewControllers;
			sourceTree = "<group>";
		};
/* End PBXGroup section */

/* Begin PBXNativeTarget section */
		F26A897629EE1EB200FF3A59 /* Music Keeper */ = {
			isa = PBXNativeTarget;
			buildConfigurationList = F26A898B29EE1EB400FF3A59 /* Build configuration list for PBXNativeTarget "Music Keeper" */;
			buildPhases = (
				F26A897329EE1EB200FF3A59 /* Sources */,
				F26A897429EE1EB200FF3A59 /* Frameworks */,
				F26A897529EE1EB200FF3A59 /* Resources */,
			);
			buildRules = (
			);
			dependencies = (
			);
			name = "Music Keeper";
			productName = "Music Keeper";
			productReference = F26A897729EE1EB200FF3A59 /* Music Keeper.app */;
			productType = "com.apple.product-type.application";
		};
/* End PBXNativeTarget section */

/* Begin PBXProject section */
		F26A896F29EE1EB200FF3A59 /* Project object */ = {
			isa = PBXProject;
			attributes = {
				BuildIndependentTargetsInParallel = 1;
				LastSwiftUpdateCheck = 1420;
				LastUpgradeCheck = 1420;
				TargetAttributes = {
					F26A897629EE1EB200FF3A59 = {
						CreatedOnToolsVersion = 14.2;
					};
				};
			};
			buildConfigurationList = F26A897229EE1EB200FF3A59 /* Build configuration list for PBXProject "Music Keeper" */;
			compatibilityVersion = "Xcode 14.0";
			developmentRegion = en;
			hasScannedForEncodings = 0;
			knownRegions = (
				en,
				Base,
			);
			mainGroup = F26A896E29EE1EB200FF3A59;
			productRefGroup = F26A897829EE1EB200FF3A59 /* Products */;
			projectDirPath = "";
			projectRoot = "";
			targets = (
				F26A897629EE1EB200FF3A59 /* Music Keeper */,
			);
		};
/* End PBXProject section */

/* Begin PBXResourcesBuildPhase section */
		F26A897529EE1EB200FF3A59 /* Resources */ = {
			isa = PBXResourcesBuildPhase;
			buildActionMask = 2147483647;
			files = (
				F26A898729EE1EB400FF3A59 /* LaunchScreen.storyboard in Resources */,
				F26A898429EE1EB400FF3A59 /* Assets.xcassets in Resources */,
				F2BC697129FB8AE900F13AA9 /* OverLayerPopUp.xib in Resources */,
				F26A898229EE1EB200FF3A59 /* Main.storyboard in Resources */,
			);
			runOnlyForDeploymentPostprocessing = 0;
		};
/* End PBXResourcesBuildPhase section */

/* Begin PBXSourcesBuildPhase section */
		F26A897329EE1EB200FF3A59 /* Sources */ = {
			isa = PBXSourcesBuildPhase;
			buildActionMask = 2147483647;
			files = (
				F28EFAD229FBFE3900B942C8 /* NetworkManager.swift in Sources */,
				F29762F829FCC26B0013FC8D /* AccessToken+CoreDataClass.swift in Sources */,
				F26A899529EE49C100FF3A59 /* Track.swift in Sources */,
				F2E3944A29FE58F3001CD918 /* Player.swift in Sources */,
				F2BC697029FB8AE900F13AA9 /* OverLayerPopUp.swift in Sources */,
				F29762F929FCC26B0013FC8D /* AccessToken+CoreDataProperties.swift in Sources */,
				F297630029FCC4470013FC8D /* CoreDataController.swift in Sources */,
				F26A897B29EE1EB200FF3A59 /* AppDelegate.swift in Sources */,
				F2E3944C29FFA779001CD918 /* Image.swift in Sources */,
				F29762FC29FCC4390013FC8D /* MulticastDelegate.swift in Sources */,
				F28EFAD829FC092700B942C8 /* Token.swift in Sources */,
				F26A899329EE43C100FF3A59 /* SearchResult.swift in Sources */,
				F2E3944E29FFA87E001CD918 /* RecentlyPlayed.swift in Sources */,
				F26A899929EE4A1500FF3A59 /* AlbumResult.swift in Sources */,
				F29762F529FCC1410013FC8D /* AccessTokenDataModel.xcdatamodeld in Sources */,
				F28EFAD029FBFC8A00B942C8 /* LoginAccountViewController.swift in Sources */,
				F28EFAD629FC02E400B942C8 /* OverviewViewController.swift in Sources */,
				F2BC696C29FB868300F13AA9 /* LibraryViewController.swift in Sources */,
				F26A897D29EE1EB200FF3A59 /* SceneDelegate.swift in Sources */,
				F26A899729EE4A0600FF3A59 /* Artist.swift in Sources */,
				F26A899129EE3EDE00FF3A59 /* SpotifyAPIClient.swift in Sources */,
				F29762FE29FCC43F0013FC8D /* DatabaseProtocol.swift in Sources */,
			);
			runOnlyForDeploymentPostprocessing = 0;
		};
/* End PBXSourcesBuildPhase section */

/* Begin PBXVariantGroup section */
		F26A898029EE1EB200FF3A59 /* Main.storyboard */ = {
			isa = PBXVariantGroup;
			children = (
				F26A898129EE1EB200FF3A59 /* Base */,
			);
			name = Main.storyboard;
			sourceTree = "<group>";
		};
		F26A898529EE1EB400FF3A59 /* LaunchScreen.storyboard */ = {
			isa = PBXVariantGroup;
			children = (
				F26A898629EE1EB400FF3A59 /* Base */,
			);
			name = LaunchScreen.storyboard;
			sourceTree = "<group>";
		};
/* End PBXVariantGroup section */

/* Begin XCBuildConfiguration section */
		F26A898929EE1EB400FF3A59 /* Debug */ = {
			isa = XCBuildConfiguration;
			buildSettings = {
				ALWAYS_SEARCH_USER_PATHS = NO;
				CLANG_ANALYZER_NONNULL = YES;
				CLANG_ANALYZER_NUMBER_OBJECT_CONVERSION = YES_AGGRESSIVE;
				CLANG_CXX_LANGUAGE_STANDARD = "gnu++20";
				CLANG_ENABLE_MODULES = YES;
				CLANG_ENABLE_OBJC_ARC = YES;
				CLANG_ENABLE_OBJC_WEAK = YES;
				CLANG_WARN_BLOCK_CAPTURE_AUTORELEASING = YES;
				CLANG_WARN_BOOL_CONVERSION = YES;
				CLANG_WARN_COMMA = YES;
				CLANG_WARN_CONSTANT_CONVERSION = YES;
				CLANG_WARN_DEPRECATED_OBJC_IMPLEMENTATIONS = YES;
				CLANG_WARN_DIRECT_OBJC_ISA_USAGE = YES_ERROR;
				CLANG_WARN_DOCUMENTATION_COMMENTS = YES;
				CLANG_WARN_EMPTY_BODY = YES;
				CLANG_WARN_ENUM_CONVERSION = YES;
				CLANG_WARN_INFINITE_RECURSION = YES;
				CLANG_WARN_INT_CONVERSION = YES;
				CLANG_WARN_NON_LITERAL_NULL_CONVERSION = YES;
				CLANG_WARN_OBJC_IMPLICIT_RETAIN_SELF = YES;
				CLANG_WARN_OBJC_LITERAL_CONVERSION = YES;
				CLANG_WARN_OBJC_ROOT_CLASS = YES_ERROR;
				CLANG_WARN_QUOTED_INCLUDE_IN_FRAMEWORK_HEADER = YES;
				CLANG_WARN_RANGE_LOOP_ANALYSIS = YES;
				CLANG_WARN_STRICT_PROTOTYPES = YES;
				CLANG_WARN_SUSPICIOUS_MOVE = YES;
				CLANG_WARN_UNGUARDED_AVAILABILITY = YES_AGGRESSIVE;
				CLANG_WARN_UNREACHABLE_CODE = YES;
				CLANG_WARN__DUPLICATE_METHOD_MATCH = YES;
				COPY_PHASE_STRIP = NO;
				DEBUG_INFORMATION_FORMAT = dwarf;
				ENABLE_STRICT_OBJC_MSGSEND = YES;
				ENABLE_TESTABILITY = YES;
				GCC_C_LANGUAGE_STANDARD = gnu11;
				GCC_DYNAMIC_NO_PIC = NO;
				GCC_NO_COMMON_BLOCKS = YES;
				GCC_OPTIMIZATION_LEVEL = 0;
				GCC_PREPROCESSOR_DEFINITIONS = (
					"DEBUG=1",
					"$(inherited)",
				);
				GCC_WARN_64_TO_32_BIT_CONVERSION = YES;
				GCC_WARN_ABOUT_RETURN_TYPE = YES_ERROR;
				GCC_WARN_UNDECLARED_SELECTOR = YES;
				GCC_WARN_UNINITIALIZED_AUTOS = YES_AGGRESSIVE;
				GCC_WARN_UNUSED_FUNCTION = YES;
				GCC_WARN_UNUSED_VARIABLE = YES;
				IPHONEOS_DEPLOYMENT_TARGET = 16.2;
				MTL_ENABLE_DEBUG_INFO = INCLUDE_SOURCE;
				MTL_FAST_MATH = YES;
				ONLY_ACTIVE_ARCH = YES;
				SDKROOT = iphoneos;
				SWIFT_ACTIVE_COMPILATION_CONDITIONS = DEBUG;
				SWIFT_OPTIMIZATION_LEVEL = "-Onone";
			};
			name = Debug;
		};
		F26A898A29EE1EB400FF3A59 /* Release */ = {
			isa = XCBuildConfiguration;
			buildSettings = {
				ALWAYS_SEARCH_USER_PATHS = NO;
				CLANG_ANALYZER_NONNULL = YES;
				CLANG_ANALYZER_NUMBER_OBJECT_CONVERSION = YES_AGGRESSIVE;
				CLANG_CXX_LANGUAGE_STANDARD = "gnu++20";
				CLANG_ENABLE_MODULES = YES;
				CLANG_ENABLE_OBJC_ARC = YES;
				CLANG_ENABLE_OBJC_WEAK = YES;
				CLANG_WARN_BLOCK_CAPTURE_AUTORELEASING = YES;
				CLANG_WARN_BOOL_CONVERSION = YES;
				CLANG_WARN_COMMA = YES;
				CLANG_WARN_CONSTANT_CONVERSION = YES;
				CLANG_WARN_DEPRECATED_OBJC_IMPLEMENTATIONS = YES;
				CLANG_WARN_DIRECT_OBJC_ISA_USAGE = YES_ERROR;
				CLANG_WARN_DOCUMENTATION_COMMENTS = YES;
				CLANG_WARN_EMPTY_BODY = YES;
				CLANG_WARN_ENUM_CONVERSION = YES;
				CLANG_WARN_INFINITE_RECURSION = YES;
				CLANG_WARN_INT_CONVERSION = YES;
				CLANG_WARN_NON_LITERAL_NULL_CONVERSION = YES;
				CLANG_WARN_OBJC_IMPLICIT_RETAIN_SELF = YES;
				CLANG_WARN_OBJC_LITERAL_CONVERSION = YES;
				CLANG_WARN_OBJC_ROOT_CLASS = YES_ERROR;
				CLANG_WARN_QUOTED_INCLUDE_IN_FRAMEWORK_HEADER = YES;
				CLANG_WARN_RANGE_LOOP_ANALYSIS = YES;
				CLANG_WARN_STRICT_PROTOTYPES = YES;
				CLANG_WARN_SUSPICIOUS_MOVE = YES;
				CLANG_WARN_UNGUARDED_AVAILABILITY = YES_AGGRESSIVE;
				CLANG_WARN_UNREACHABLE_CODE = YES;
				CLANG_WARN__DUPLICATE_METHOD_MATCH = YES;
				COPY_PHASE_STRIP = NO;
				DEBUG_INFORMATION_FORMAT = "dwarf-with-dsym";
				ENABLE_NS_ASSERTIONS = NO;
				ENABLE_STRICT_OBJC_MSGSEND = YES;
				GCC_C_LANGUAGE_STANDARD = gnu11;
				GCC_NO_COMMON_BLOCKS = YES;
				GCC_WARN_64_TO_32_BIT_CONVERSION = YES;
				GCC_WARN_ABOUT_RETURN_TYPE = YES_ERROR;
				GCC_WARN_UNDECLARED_SELECTOR = YES;
				GCC_WARN_UNINITIALIZED_AUTOS = YES_AGGRESSIVE;
				GCC_WARN_UNUSED_FUNCTION = YES;
				GCC_WARN_UNUSED_VARIABLE = YES;
				IPHONEOS_DEPLOYMENT_TARGET = 16.2;
				MTL_ENABLE_DEBUG_INFO = NO;
				MTL_FAST_MATH = YES;
				SDKROOT = iphoneos;
				SWIFT_COMPILATION_MODE = wholemodule;
				SWIFT_OPTIMIZATION_LEVEL = "-O";
				VALIDATE_PRODUCT = YES;
			};
			name = Release;
		};
		F26A898C29EE1EB400FF3A59 /* Debug */ = {
			isa = XCBuildConfiguration;
			buildSettings = {
				ASSETCATALOG_COMPILER_APPICON_NAME = AppIcon;
				ASSETCATALOG_COMPILER_GLOBAL_ACCENT_COLOR_NAME = AccentColor;
				CODE_SIGN_STYLE = Automatic;
				CURRENT_PROJECT_VERSION = 1;
				GENERATE_INFOPLIST_FILE = YES;
				INFOPLIST_FILE = "Music Keeper/Info.plist";
				INFOPLIST_KEY_UIApplicationSupportsIndirectInputEvents = YES;
				INFOPLIST_KEY_UILaunchStoryboardName = LaunchScreen;
				INFOPLIST_KEY_UIMainStoryboardFile = Main;
				INFOPLIST_KEY_UISupportedInterfaceOrientations_iPad = "UIInterfaceOrientationPortrait UIInterfaceOrientationPortraitUpsideDown UIInterfaceOrientationLandscapeLeft UIInterfaceOrientationLandscapeRight";
				INFOPLIST_KEY_UISupportedInterfaceOrientations_iPhone = "UIInterfaceOrientationPortrait UIInterfaceOrientationLandscapeLeft UIInterfaceOrientationLandscapeRight";
				LD_RUNPATH_SEARCH_PATHS = (
					"$(inherited)",
					"@executable_path/Frameworks",
				);
				MARKETING_VERSION = 1.0;
				PRODUCT_BUNDLE_IDENTIFIER = "edu.monash.Music-Keeper";
				PRODUCT_NAME = "$(TARGET_NAME)";
				SWIFT_EMIT_LOC_STRINGS = YES;
				SWIFT_VERSION = 5.0;
				TARGETED_DEVICE_FAMILY = "1,2";
			};
			name = Debug;
		};
		F26A898D29EE1EB400FF3A59 /* Release */ = {
			isa = XCBuildConfiguration;
			buildSettings = {
				ASSETCATALOG_COMPILER_APPICON_NAME = AppIcon;
				ASSETCATALOG_COMPILER_GLOBAL_ACCENT_COLOR_NAME = AccentColor;
				CODE_SIGN_STYLE = Automatic;
				CURRENT_PROJECT_VERSION = 1;
				GENERATE_INFOPLIST_FILE = YES;
				INFOPLIST_FILE = "Music Keeper/Info.plist";
				INFOPLIST_KEY_UIApplicationSupportsIndirectInputEvents = YES;
				INFOPLIST_KEY_UILaunchStoryboardName = LaunchScreen;
				INFOPLIST_KEY_UIMainStoryboardFile = Main;
				INFOPLIST_KEY_UISupportedInterfaceOrientations_iPad = "UIInterfaceOrientationPortrait UIInterfaceOrientationPortraitUpsideDown UIInterfaceOrientationLandscapeLeft UIInterfaceOrientationLandscapeRight";
				INFOPLIST_KEY_UISupportedInterfaceOrientations_iPhone = "UIInterfaceOrientationPortrait UIInterfaceOrientationLandscapeLeft UIInterfaceOrientationLandscapeRight";
				LD_RUNPATH_SEARCH_PATHS = (
					"$(inherited)",
					"@executable_path/Frameworks",
				);
				MARKETING_VERSION = 1.0;
				PRODUCT_BUNDLE_IDENTIFIER = "edu.monash.Music-Keeper";
				PRODUCT_NAME = "$(TARGET_NAME)";
				SWIFT_EMIT_LOC_STRINGS = YES;
				SWIFT_VERSION = 5.0;
				TARGETED_DEVICE_FAMILY = "1,2";
			};
			name = Release;
		};
/* End XCBuildConfiguration section */

/* Begin XCConfigurationList section */
		F26A897229EE1EB200FF3A59 /* Build configuration list for PBXProject "Music Keeper" */ = {
			isa = XCConfigurationList;
			buildConfigurations = (
				F26A898929EE1EB400FF3A59 /* Debug */,
				F26A898A29EE1EB400FF3A59 /* Release */,
			);
			defaultConfigurationIsVisible = 0;
			defaultConfigurationName = Release;
		};
		F26A898B29EE1EB400FF3A59 /* Build configuration list for PBXNativeTarget "Music Keeper" */ = {
			isa = XCConfigurationList;
			buildConfigurations = (
				F26A898C29EE1EB400FF3A59 /* Debug */,
				F26A898D29EE1EB400FF3A59 /* Release */,
			);
			defaultConfigurationIsVisible = 0;
			defaultConfigurationName = Release;
		};
/* End XCConfigurationList section */

/* Begin XCVersionGroup section */
		F29762F329FCC1410013FC8D /* AccessTokenDataModel.xcdatamodeld */ = {
			isa = XCVersionGroup;
			children = (
				F29762F429FCC1410013FC8D /* AccessTokenDataModel.xcdatamodel */,
			);
			currentVersion = F29762F429FCC1410013FC8D /* AccessTokenDataModel.xcdatamodel */;
			path = AccessTokenDataModel.xcdatamodeld;
			sourceTree = "<group>";
			versionGroupType = wrapper.xcdatamodel;
		};
/* End XCVersionGroup section */
	};
	rootObject = F26A896F29EE1EB200FF3A59 /* Project object */;
}
